
Microsoft Visual Studio Solution File, Format Version 12.00
Project("{FAE04EC0-301F-11D3-BF4B-00C04F79EFBC}") = "EmailSender", "EmailSender\EmailSender.csproj", "{B32D563C-E422-467F-A08B-4ACC69111CBA}"
EndProject
Project("{FAE04EC0-301F-11D3-BF4B-00C04F79EFBC}") = "EmailSender.Tests", "EmailSender.Tests\EmailSender.Tests.csproj", "{AE43E211-7C07-49C8-BBD3-D9BA94BE5340}"
EndProject
Global
	GlobalSection(SolutionConfigurationPlatforms) = preSolution
		Debug|Any CPU = Debug|Any CPU
		Release|Any CPU = Release|Any CPU
	EndGlobalSection
	GlobalSection(ProjectConfigurationPlatforms) = postSolution
		{B32D563C-E422-467F-A08B-4ACC69111CBA}.Debug|Any CPU.ActiveCfg = Debug|Any CPU
		{B32D563C-E422-467F-A08B-4ACC69111CBA}.Debug|Any CPU.Build.0 = Debug|Any CPU
		{B32D563C-E422-467F-A08B-4ACC69111CBA}.Release|Any CPU.ActiveCfg = Release|Any CPU
		{B32D563C-E422-467F-A08B-4ACC69111CBA}.Release|Any CPU.Build.0 = Release|Any CPU
		{AE43E211-7C07-49C8-BBD3-D9BA94BE5340}.Debug|Any CPU.ActiveCfg = Debug|Any CPU
		{AE43E211-7C07-49C8-BBD3-D9BA94BE5340}.Debug|Any CPU.Build.0 = Debug|Any CPU
		{AE43E211-7C07-49C8-BBD3-D9BA94BE5340}.Release|Any CPU.ActiveCfg = Release|Any CPU
		{AE43E211-7C07-49C8-BBD3-D9BA94BE5340}.Release|Any CPU.Build.0 = Release|Any CPU
	EndGlobalSection
EndGlobal
